
Microsoft Visual Studio Solution File, Format Version 12.00
# Visual Studio Version 17
VisualStudioVersion = 17.0.31903.59
MinimumVisualStudioVersion = 10.0.40219.1
Project("{FAE04EC0-301F-11D3-BF4B-00C04F79EFBC}") = "Disable Button", "Disable Button\Disable Button.csproj", "{5A377DB4-5599-425E-9159-886A5AF1C6DF}"
EndProject
Global
	GlobalSection(SolutionConfigurationPlatforms) = preSolution
		Debug|Any CPU = Debug|Any CPU
		Release|Any CPU = Release|Any CPU
	EndGlobalSection
	GlobalSection(ProjectConfigurationPlatforms) = postSolution
		{5A377DB4-5599-425E-9159-886A5AF1C6DF}.Debug|Any CPU.ActiveCfg = Debug|Any CPU
		{5A377DB4-5599-425E-9159-886A5AF1C6DF}.Debug|Any CPU.Build.0 = Debug|Any CPU
		{5A377DB4-5599-425E-9159-886A5AF1C6DF}.Release|Any CPU.ActiveCfg = Release|Any CPU
		{5A377DB4-5599-425E-9159-886A5AF1C6DF}.Release|Any CPU.Build.0 = Release|Any CPU
	EndGlobalSection
	GlobalSection(SolutionProperties) = preSolution
		HideSolutionNode = FALSE
	EndGlobalSection
	GlobalSection(ExtensibilityGlobals) = postSolution
		SolutionGuid = {33580145-25EF-4F01-B900-DA63BC953C22}
	EndGlobalSection
EndGlobal
